
Microsoft Visual Studio Solution File, Format Version 12.00
# Visual Studio Version 17
VisualStudioVersion = 17.2.32519.379
MinimumVisualStudioVersion = 10.0.40219.1
Project("{FAE04EC0-301F-11D3-BF4B-00C04F79EFBC}") = "HotelListingAPI", "HotelListAPI\HotelListingAPI.csproj", "{FA8F173A-AE9D-4AB6-BFDE-FAFA34BD09BC}"
EndProject
Global
	GlobalSection(SolutionConfigurationPlatforms) = preSolution
		Debug|Any CPU = Debug|Any CPU
		Release|Any CPU = Release|Any CPU
	EndGlobalSection
	GlobalSection(ProjectConfigurationPlatforms) = postSolution
		{FA8F173A-AE9D-4AB6-BFDE-FAFA34BD09BC}.Debug|Any CPU.ActiveCfg = Debug|Any CPU
		{FA8F173A-AE9D-4AB6-BFDE-FAFA34BD09BC}.Debug|Any CPU.Build.0 = Debug|Any CPU
		{FA8F173A-AE9D-4AB6-BFDE-FAFA34BD09BC}.Release|Any CPU.ActiveCfg = Release|Any CPU
		{FA8F173A-AE9D-4AB6-BFDE-FAFA34BD09BC}.Release|Any CPU.Build.0 = Release|Any CPU
	EndGlobalSection
	GlobalSection(SolutionProperties) = preSolution
		HideSolutionNode = FALSE
	EndGlobalSection
	GlobalSection(ExtensibilityGlobals) = postSolution
		SolutionGuid = {8CB80AD5-021F-4773-9B56-E157FE5E8158}
	EndGlobalSection
EndGlobal
